
Microsoft Visual Studio Solution File, Format Version 12.00
# Visual Studio 15
VisualStudioVersion = 15.0.28307.1231
MinimumVisualStudioVersion = 10.0.40219.1
Project("{8BC9CEB8-8B4A-11D0-8D11-00A0C91BC942}") = "game", "game\game.vcxproj", "{5DA28681-44F4-4530-B1C5-AEF95D1FBF72}"
EndProject
Global
	GlobalSection(SolutionConfigurationPlatforms) = preSolution
		Debug|x64 = Debug|x64
		Debug|x86 = Debug|x86
		Release|x64 = Release|x64
		Release|x86 = Release|x86
	EndGlobalSection
	GlobalSection(ProjectConfigurationPlatforms) = postSolution
		{5DA28681-44F4-4530-B1C5-AEF95D1FBF72}.Debug|x64.ActiveCfg = Debug|x64
		{5DA28681-44F4-4530-B1C5-AEF95D1FBF72}.Debug|x64.Build.0 = Debug|x64
		{5DA28681-44F4-4530-B1C5-AEF95D1FBF72}.Debug|x86.ActiveCfg = Debug|Win32
		{5DA28681-44F4-4530-B1C5-AEF95D1FBF72}.Debug|x86.Build.0 = Debug|Win32
		{5DA28681-44F4-4530-B1C5-AEF95D1FBF72}.Release|x64.ActiveCfg = Release|x64
		{5DA28681-44F4-4530-B1C5-AEF95D1FBF72}.Release|x64.Build.0 = Release|x64
		{5DA28681-44F4-4530-B1C5-AEF95D1FBF72}.Release|x86.ActiveCfg = Release|Win32
		{5DA28681-44F4-4530-B1C5-AEF95D1FBF72}.Release|x86.Build.0 = Release|Win32
	EndGlobalSection
	GlobalSection(SolutionProperties) = preSolution
		HideSolutionNode = FALSE
	EndGlobalSection
	GlobalSection(ExtensibilityGlobals) = postSolution
		SolutionGuid = {6E1CBC15-9F15-4B36-898A-AB9ECD5F397B}
	EndGlobalSection
EndGlobal
